// !$*UTF8*$!
{
	archiveVersion = 1;
	classes = {
	};
	objectVersion = 46;
	objects = {

/* Begin PBXBuildFile section */
		7D2742841608375100E9806A /* UIKit.framework in Frameworks */ = {isa = PBXBuildFile; fileRef = 7D2742831608375100E9806A /* UIKit.framework */; };
		7D2742861608375100E9806A /* Foundation.framework in Frameworks */ = {isa = PBXBuildFile; fileRef = 7D2742851608375100E9806A /* Foundation.framework */; };
		7D2742881608375100E9806A /* CoreGraphics.framework in Frameworks */ = {isa = PBXBuildFile; fileRef = 7D2742871608375100E9806A /* CoreGraphics.framework */; };
		7D27428E1608375100E9806A /* InfoPlist.strings in Resources */ = {isa = PBXBuildFile; fileRef = 7D27428C1608375100E9806A /* InfoPlist.strings */; };
		7D2742901608375100E9806A /* main.m in Sources */ = {isa = PBXBuildFile; fileRef = 7D27428F1608375100E9806A /* main.m */; };
		7D2742941608375100E9806A /* FooBarAppAppDelegate.m in Sources */ = {isa = PBXBuildFile; fileRef = 7D2742931608375100E9806A /* FooBarAppAppDelegate.m */; };
		7D2742971608375100E9806A /* MainStoryboard_iPhone.storyboard in Resources */ = {isa = PBXBuildFile; fileRef = 7D2742951608375100E9806A /* MainStoryboard_iPhone.storyboard */; };
		7D27429A1608375100E9806A /* MainStoryboard_iPad.storyboard in Resources */ = {isa = PBXBuildFile; fileRef = 7D2742981608375100E9806A /* MainStoryboard_iPad.storyboard */; };
		7D27429D1608375100E9806A /* FooBarAppViewController.m in Sources */ = {isa = PBXBuildFile; fileRef = 7D27429C1608375100E9806A /* FooBarAppViewController.m */; };
		7D2742A51608375100E9806A /* SenTestingKit.framework in Frameworks */ = {isa = PBXBuildFile; fileRef = 7D2742A41608375100E9806A /* SenTestingKit.framework */; };
		7D2742A61608375100E9806A /* UIKit.framework in Frameworks */ = {isa = PBXBuildFile; fileRef = 7D2742831608375100E9806A /* UIKit.framework */; };
		7D2742A71608375100E9806A /* Foundation.framework in Frameworks */ = {isa = PBXBuildFile; fileRef = 7D2742851608375100E9806A /* Foundation.framework */; };
		7D2742AF1608375100E9806A /* InfoPlist.strings in Resources */ = {isa = PBXBuildFile; fileRef = 7D2742AD1608375100E9806A /* InfoPlist.strings */; };
		7D2742B21608375100E9806A /* FooBarAppTests.m in Sources */ = {isa = PBXBuildFile; fileRef = 7D2742B11608375100E9806A /* FooBarAppTests.m */; };
/* End PBXBuildFile section */

/* Begin PBXContainerItemProxy section */
		7D2742A81608375100E9806A /* PBXContainerItemProxy */ = {
			isa = PBXContainerItemProxy;
			containerPortal = 7D2742761608375100E9806A /* Project object */;
			proxyType = 1;
			remoteGlobalIDString = 7D27427E1608375100E9806A;
			remoteInfo = FooBarApp;
		};
/* End PBXContainerItemProxy section */

/* Begin PBXFileReference section */
		7D27427F1608375100E9806A /* FooBarApp.app */ = {isa = PBXFileReference; explicitFileType = wrapper.application; includeInIndex = 0; path = FooBarApp.app; sourceTree = BUILT_PRODUCTS_DIR; };
		7D2742831608375100E9806A /* UIKit.framework */ = {isa = PBXFileReference; lastKnownFileType = wrapper.framework; name = UIKit.framework; path = System/Library/Frameworks/UIKit.framework; sourceTree = SDKROOT; };
		7D2742851608375100E9806A /* Foundation.framework */ = {isa = PBXFileReference; lastKnownFileType = wrapper.framework; name = Foundation.framework; path = System/Library/Frameworks/Foundation.framework; sourceTree = SDKROOT; };
		7D2742871608375100E9806A /* CoreGraphics.framework */ = {isa = PBXFileReference; lastKnownFileType = wrapper.framework; name = CoreGraphics.framework; path = System/Library/Frameworks/CoreGraphics.framework; sourceTree = SDKROOT; };
		7D27428B1608375100E9806A /* FooBarApp-Info.plist */ = {isa = PBXFileReference; lastKnownFileType = text.plist.xml; path = "FooBarApp-Info.plist"; sourceTree = "<group>"; };
		7D27428D1608375100E9806A /* en */ = {isa = PBXFileReference; lastKnownFileType = text.plist.strings; name = en; path = en.lproj/InfoPlist.strings; sourceTree = "<group>"; };
		7D27428F1608375100E9806A /* main.m */ = {isa = PBXFileReference; lastKnownFileType = sourcecode.c.objc; path = main.m; sourceTree = "<group>"; };
		7D2742911608375100E9806A /* FooBarApp-Prefix.pch */ = {isa = PBXFileReference; lastKnownFileType = sourcecode.c.h; path = "FooBarApp-Prefix.pch"; sourceTree = "<group>"; };
		7D2742921608375100E9806A /* FooBarAppAppDelegate.h */ = {isa = PBXFileReference; lastKnownFileType = sourcecode.c.h; path = FooBarAppAppDelegate.h; sourceTree = "<group>"; };
		7D2742931608375100E9806A /* FooBarAppAppDelegate.m */ = {isa = PBXFileReference; lastKnownFileType = sourcecode.c.objc; path = FooBarAppAppDelegate.m; sourceTree = "<group>"; };
		7D2742961608375100E9806A /* en */ = {isa = PBXFileReference; lastKnownFileType = file.storyboard; name = en; path = en.lproj/MainStoryboard_iPhone.storyboard; sourceTree = "<group>"; };
		7D2742991608375100E9806A /* en */ = {isa = PBXFileReference; lastKnownFileType = file.storyboard; name = en; path = en.lproj/MainStoryboard_iPad.storyboard; sourceTree = "<group>"; };
		7D27429B1608375100E9806A /* FooBarAppViewController.h */ = {isa = PBXFileReference; lastKnownFileType = sourcecode.c.h; path = FooBarAppViewController.h; sourceTree = "<group>"; };
		7D27429C1608375100E9806A /* FooBarAppViewController.m */ = {isa = PBXFileReference; lastKnownFileType = sourcecode.c.objc; path = FooBarAppViewController.m; sourceTree = "<group>"; };
		7D2742A31608375100E9806A /* FooBarAppTests.octest */ = {isa = PBXFileReference; explicitFileType = wrapper.cfbundle; includeInIndex = 0; path = FooBarAppTests.octest; sourceTree = BUILT_PRODUCTS_DIR; };
		7D2742A41608375100E9806A /* SenTestingKit.framework */ = {isa = PBXFileReference; lastKnownFileType = wrapper.framework; name = SenTestingKit.framework; path = Library/Frameworks/SenTestingKit.framework; sourceTree = DEVELOPER_DIR; };
		7D2742AC1608375100E9806A /* FooBarAppTests-Info.plist */ = {isa = PBXFileReference; lastKnownFileType = text.plist.xml; path = "FooBarAppTests-Info.plist"; sourceTree = "<group>"; };
		7D2742AE1608375100E9806A /* en */ = {isa = PBXFileReference; lastKnownFileType = text.plist.strings; name = en; path = en.lproj/InfoPlist.strings; sourceTree = "<group>"; };
		7D2742B01608375100E9806A /* FooBarAppTests.h */ = {isa = PBXFileReference; lastKnownFileType = sourcecode.c.h; path = FooBarAppTests.h; sourceTree = "<group>"; };
		7D2742B11608375100E9806A /* FooBarAppTests.m */ = {isa = PBXFileReference; lastKnownFileType = sourcecode.c.objc; path = FooBarAppTests.m; sourceTree = "<group>"; };
/* End PBXFileReference section */

/* Begin PBXFrameworksBuildPhase section */
		7D27427C1608375100E9806A /* Frameworks */ = {
			isa = PBXFrameworksBuildPhase;
			buildActionMask = 2147483647;
			files = (
				7D2742841608375100E9806A /* UIKit.framework in Frameworks */,
				7D2742861608375100E9806A /* Foundation.framework in Frameworks */,
				7D2742881608375100E9806A /* CoreGraphics.framework in Frameworks */,
			);
			runOnlyForDeploymentPostprocessing = 0;
		};
		7D27429F1608375100E9806A /* Frameworks */ = {
			isa = PBXFrameworksBuildPhase;
			buildActionMask = 2147483647;
			files = (
				7D2742A51608375100E9806A /* SenTestingKit.framework in Frameworks */,
				7D2742A61608375100E9806A /* UIKit.framework in Frameworks */,
				7D2742A71608375100E9806A /* Foundation.framework in Frameworks */,
			);
			runOnlyForDeploymentPostprocessing = 0;
		};
/* End PBXFrameworksBuildPhase section */

/* Begin PBXGroup section */
		7D2742741608375100E9806A = {
			isa = PBXGroup;
			children = (
				7D2742891608375100E9806A /* FooBarApp */,
				7D2742AA1608375100E9806A /* FooBarAppTests */,
				7D2742821608375100E9806A /* Frameworks */,
				7D2742801608375100E9806A /* Products */,
			);
			sourceTree = "<group>";
		};
		7D2742801608375100E9806A /* Products */ = {
			isa = PBXGroup;
			children = (
				7D27427F1608375100E9806A /* FooBarApp.app */,
				7D2742A31608375100E9806A /* FooBarAppTests.octest */,
			);
			name = Products;
			sourceTree = "<group>";
		};
		7D2742821608375100E9806A /* Frameworks */ = {
			isa = PBXGroup;
			children = (
				7D2742831608375100E9806A /* UIKit.framework */,
				7D2742851608375100E9806A /* Foundation.framework */,
				7D2742871608375100E9806A /* CoreGraphics.framework */,
				7D2742A41608375100E9806A /* SenTestingKit.framework */,
			);
			name = Frameworks;
			sourceTree = "<group>";
		};
		7D2742891608375100E9806A /* FooBarApp */ = {
			isa = PBXGroup;
			children = (
				7D2742921608375100E9806A /* FooBarAppAppDelegate.h */,
				7D2742931608375100E9806A /* FooBarAppAppDelegate.m */,
				7D2742951608375100E9806A /* MainStoryboard_iPhone.storyboard */,
				7D2742981608375100E9806A /* MainStoryboard_iPad.storyboard */,
				7D27429B1608375100E9806A /* FooBarAppViewController.h */,
				7D27429C1608375100E9806A /* FooBarAppViewController.m */,
				7D27428A1608375100E9806A /* Supporting Files */,
			);
			path = FooBarApp;
			sourceTree = "<group>";
		};
		7D27428A1608375100E9806A /* Supporting Files */ = {
			isa = PBXGroup;
			children = (
				7D27428B1608375100E9806A /* FooBarApp-Info.plist */,
				7D27428C1608375100E9806A /* InfoPlist.strings */,
				7D27428F1608375100E9806A /* main.m */,
				7D2742911608375100E9806A /* FooBarApp-Prefix.pch */,
			);
			name = "Supporting Files";
			sourceTree = "<group>";
		};
		7D2742AA1608375100E9806A /* FooBarAppTests */ = {
			isa = PBXGroup;
			children = (
				7D2742B01608375100E9806A /* FooBarAppTests.h */,
				7D2742B11608375100E9806A /* FooBarAppTests.m */,
				7D2742AB1608375100E9806A /* Supporting Files */,
			);
			path = FooBarAppTests;
			sourceTree = "<group>";
		};
		7D2742AB1608375100E9806A /* Supporting Files */ = {
			isa = PBXGroup;
			children = (
				7D2742AC1608375100E9806A /* FooBarAppTests-Info.plist */,
				7D2742AD1608375100E9806A /* InfoPlist.strings */,
			);
			name = "Supporting Files";
			sourceTree = "<group>";
		};
/* End PBXGroup section */

/* Begin PBXNativeTarget section */
		7D27427E1608375100E9806A /* FooBarApp */ = {
			isa = PBXNativeTarget;
			buildConfigurationList = 7D2742B51608375100E9806A /* Build configuration list for PBXNativeTarget "FooBarApp" */;
			buildPhases = (
				7D27427B1608375100E9806A /* Sources */,
				7D27427C1608375100E9806A /* Frameworks */,
				7D27427D1608375100E9806A /* Resources */,
			);
			buildRules = (
			);
			dependencies = (
			);
			name = FooBarApp;
			productName = FooBarApp;
			productReference = 7D27427F1608375100E9806A /* FooBarApp.app */;
			productType = "com.apple.product-type.application";
		};
		7D2742A21608375100E9806A /* FooBarAppTests */ = {
			isa = PBXNativeTarget;
			buildConfigurationList = 7D2742B81608375100E9806A /* Build configuration list for PBXNativeTarget "FooBarAppTests" */;
			buildPhases = (
				7D27429E1608375100E9806A /* Sources */,
				7D27429F1608375100E9806A /* Frameworks */,
				7D2742A01608375100E9806A /* Resources */,
				7D2742A11608375100E9806A /* ShellScript */,
			);
			buildRules = (
			);
			dependencies = (
				7D2742A91608375100E9806A /* PBXTargetDependency */,
			);
			name = FooBarAppTests;
			productName = FooBarAppTests;
			productReference = 7D2742A31608375100E9806A /* FooBarAppTests.octest */;
			productType = "com.apple.product-type.bundle";
		};
/* End PBXNativeTarget section */

/* Begin PBXProject section */
		7D2742761608375100E9806A /* Project object */ = {
			isa = PBXProject;
			attributes = {
				CLASSPREFIX = FooBarApp;
				LastUpgradeCheck = 0440;
				ORGANIZATIONNAME = "Arun Agrawal";
			};
			buildConfigurationList = 7D2742791608375100E9806A /* Build configuration list for PBXProject "FooBarApp" */;
			compatibilityVersion = "Xcode 3.2";
			developmentRegion = English;
			hasScannedForEncodings = 0;
			knownRegions = (
				en,
			);
			mainGroup = 7D2742741608375100E9806A;
			productRefGroup = 7D2742801608375100E9806A /* Products */;
			projectDirPath = "";
			projectRoot = "";
			targets = (
				7D27427E1608375100E9806A /* FooBarApp */,
				7D2742A21608375100E9806A /* FooBarAppTests */,
			);
		};
/* End PBXProject section */

/* Begin PBXResourcesBuildPhase section */
		7D27427D1608375100E9806A /* Resources */ = {
			isa = PBXResourcesBuildPhase;
			buildActionMask = 2147483647;
			files = (
				7D27428E1608375100E9806A /* InfoPlist.strings in Resources */,
				7D2742971608375100E9806A /* MainStoryboard_iPhone.storyboard in Resources */,
				7D27429A1608375100E9806A /* MainStoryboard_iPad.storyboard in Resources */,
			);
			runOnlyForDeploymentPostprocessing = 0;
		};
		7D2742A01608375100E9806A /* Resources */ = {
			isa = PBXResourcesBuildPhase;
			buildActionMask = 2147483647;
			files = (
				7D2742AF1608375100E9806A /* InfoPlist.strings in Resources */,
			);
			runOnlyForDeploymentPostprocessing = 0;
		};
/* End PBXResourcesBuildPhase section */

/* Begin PBXShellScriptBuildPhase section */
		7D2742A11608375100E9806A /* ShellScript */ = {
			isa = PBXShellScriptBuildPhase;
			buildActionMask = 2147483647;
			files = (
			);
			inputPaths = (
			);
			outputPaths = (
			);
			runOnlyForDeploymentPostprocessing = 0;
			shellPath = /bin/sh;
			shellScript = "# Run the unit tests in this test bundle.\n\"${SYSTEM_DEVELOPER_DIR}/Tools/RunUnitTests\"\n";
		};
/* End PBXShellScriptBuildPhase section */

/* Begin PBXSourcesBuildPhase section */
		7D27427B1608375100E9806A /* Sources */ = {
			isa = PBXSourcesBuildPhase;
			buildActionMask = 2147483647;
			files = (
				7D2742901608375100E9806A /* main.m in Sources */,
				7D2742941608375100E9806A /* FooBarAppAppDelegate.m in Sources */,
				7D27429D1608375100E9806A /* FooBarAppViewController.m in Sources */,
			);
			runOnlyForDeploymentPostprocessing = 0;
		};
		7D27429E1608375100E9806A /* Sources */ = {
			isa = PBXSourcesBuildPhase;
			buildActionMask = 2147483647;
			files = (
				7D2742B21608375100E9806A /* FooBarAppTests.m in Sources */,
			);
			runOnlyForDeploymentPostprocessing = 0;
		};
/* End PBXSourcesBuildPhase section */

/* Begin PBXTargetDependency section */
		7D2742A91608375100E9806A /* PBXTargetDependency */ = {
			isa = PBXTargetDependency;
			target = 7D27427E1608375100E9806A /* FooBarApp */;
			targetProxy = 7D2742A81608375100E9806A /* PBXContainerItemProxy */;
		};
/* End PBXTargetDependency section */

/* Begin PBXVariantGroup section */
		7D27428C1608375100E9806A /* InfoPlist.strings */ = {
			isa = PBXVariantGroup;
			children = (
				7D27428D1608375100E9806A /* en */,
			);
			name = InfoPlist.strings;
			sourceTree = "<group>";
		};
		7D2742951608375100E9806A /* MainStoryboard_iPhone.storyboard */ = {
			isa = PBXVariantGroup;
			children = (
				7D2742961608375100E9806A /* en */,
			);
			name = MainStoryboard_iPhone.storyboard;
			sourceTree = "<group>";
		};
		7D2742981608375100E9806A /* MainStoryboard_iPad.storyboard */ = {
			isa = PBXVariantGroup;
			children = (
				7D2742991608375100E9806A /* en */,
			);
			name = MainStoryboard_iPad.storyboard;
			sourceTree = "<group>";
		};
		7D2742AD1608375100E9806A /* InfoPlist.strings */ = {
			isa = PBXVariantGroup;
			children = (
				7D2742AE1608375100E9806A /* en */,
			);
			name = InfoPlist.strings;
			sourceTree = "<group>";
		};
/* End PBXVariantGroup section */

/* Begin XCBuildConfiguration section */
		7D2742B31608375100E9806A /* Debug */ = {
			isa = XCBuildConfiguration;
			buildSettings = {
				ALWAYS_SEARCH_USER_PATHS = NO;
				ARCHS = "$(ARCHS_STANDARD_32_BIT)";
				CLANG_CXX_LANGUAGE_STANDARD = "gnu++0x";
				CLANG_ENABLE_OBJC_ARC = YES;
				CLANG_WARN__DUPLICATE_METHOD_MATCH = YES;
				"CODE_SIGN_IDENTITY[sdk=iphoneos*]" = "iPhone Developer";
				COPY_PHASE_STRIP = NO;
				GCC_C_LANGUAGE_STANDARD = gnu99;
				GCC_DYNAMIC_NO_PIC = NO;
				GCC_OPTIMIZATION_LEVEL = 0;
				GCC_PREPROCESSOR_DEFINITIONS = (
					"DEBUG=1",
					"$(inherited)",
				);
				GCC_SYMBOLS_PRIVATE_EXTERN = NO;
				GCC_VERSION = com.apple.compilers.llvm.clang.1_0;
				GCC_WARN_ABOUT_RETURN_TYPE = YES;
				GCC_WARN_UNINITIALIZED_AUTOS = YES;
				GCC_WARN_UNUSED_VARIABLE = YES;
				IPHONEOS_DEPLOYMENT_TARGET = 5.1;
				SDKROOT = iphoneos;
				TARGETED_DEVICE_FAMILY = "1,2";
			};
			name = Debug;
		};
		7D2742B41608375100E9806A /* Release */ = {
			isa = XCBuildConfiguration;
			buildSettings = {
				ALWAYS_SEARCH_USER_PATHS = NO;
				ARCHS = "$(ARCHS_STANDARD_32_BIT)";
				CLANG_CXX_LANGUAGE_STANDARD = "gnu++0x";
				CLANG_ENABLE_OBJC_ARC = YES;
				CLANG_WARN__DUPLICATE_METHOD_MATCH = YES;
				"CODE_SIGN_IDENTITY[sdk=iphoneos*]" = "iPhone Developer";
				COPY_PHASE_STRIP = YES;
				GCC_C_LANGUAGE_STANDARD = gnu99;
				GCC_VERSION = com.apple.compilers.llvm.clang.1_0;
				GCC_WARN_ABOUT_RETURN_TYPE = YES;
				GCC_WARN_UNINITIALIZED_AUTOS = YES;
				GCC_WARN_UNUSED_VARIABLE = YES;
				IPHONEOS_DEPLOYMENT_TARGET = 5.1;
				OTHER_CFLAGS = "-DNS_BLOCK_ASSERTIONS=1";
				SDKROOT = iphoneos;
				TARGETED_DEVICE_FAMILY = "1,2";
				VALIDATE_PRODUCT = YES;
			};
			name = Release;
		};
		7D2742B61608375100E9806A /* Debug */ = {
			isa = XCBuildConfiguration;
			buildSettings = {
				GCC_PRECOMPILE_PREFIX_HEADER = YES;
				GCC_PREFIX_HEADER = "FooBarApp/FooBarApp-Prefix.pch";
				INFOPLIST_FILE = "FooBarApp/FooBarApp-Info.plist";
				PRODUCT_NAME = "$(TARGET_NAME)";
				WRAPPER_EXTENSION = app;
			};
			name = Debug;
		};
		7D2742B71608375100E9806A /* Release */ = {
			isa = XCBuildConfiguration;
			buildSettings = {
				GCC_PRECOMPILE_PREFIX_HEADER = YES;
				GCC_PREFIX_HEADER = "FooBarApp/FooBarApp-Prefix.pch";
				INFOPLIST_FILE = "FooBarApp/FooBarApp-Info.plist";
				PRODUCT_NAME = "$(TARGET_NAME)";
				WRAPPER_EXTENSION = app;
			};
			name = Release;
		};
		7D2742B91608375100E9806A /* Debug */ = {
			isa = XCBuildConfiguration;
			buildSettings = {
				BUNDLE_LOADER = "$(BUILT_PRODUCTS_DIR)/FooBarApp.app/FooBarApp";
				FRAMEWORK_SEARCH_PATHS = (
					"\"$(SDKROOT)/Developer/Library/Frameworks\"",
					"\"$(DEVELOPER_LIBRARY_DIR)/Frameworks\"",
				);
				GCC_PRECOMPILE_PREFIX_HEADER = YES;
				GCC_PREFIX_HEADER = "FooBarApp/FooBarApp-Prefix.pch";
				INFOPLIST_FILE = "FooBarAppTests/FooBarAppTests-Info.plist";
				PRODUCT_NAME = "$(TARGET_NAME)";
				TEST_HOST = "$(BUNDLE_LOADER)";
				WRAPPER_EXTENSION = octest;
			};
			name = Debug;
		};
		7D2742BA1608375100E9806A /* Release */ = {
			isa = XCBuildConfiguration;
			buildSettings = {
				BUNDLE_LOADER = "$(BUILT_PRODUCTS_DIR)/FooBarApp.app/FooBarApp";
				FRAMEWORK_SEARCH_PATHS = (
					"\"$(SDKROOT)/Developer/Library/Frameworks\"",
					"\"$(DEVELOPER_LIBRARY_DIR)/Frameworks\"",
				);
				GCC_PRECOMPILE_PREFIX_HEADER = YES;
				GCC_PREFIX_HEADER = "FooBarApp/FooBarApp-Prefix.pch";
				INFOPLIST_FILE = "FooBarAppTests/FooBarAppTests-Info.plist";
				PRODUCT_NAME = "$(TARGET_NAME)";
				TEST_HOST = "$(BUNDLE_LOADER)";
				WRAPPER_EXTENSION = octest;
			};
			name = Release;
		};
/* End XCBuildConfiguration section */

/* Begin XCConfigurationList section */
		7D2742791608375100E9806A /* Build configuration list for PBXProject "FooBarApp" */ = {
			isa = XCConfigurationList;
			buildConfigurations = (
				7D2742B31608375100E9806A /* Debug */,
				7D2742B41608375100E9806A /* Release */,
			);
			defaultConfigurationIsVisible = 0;
			defaultConfigurationName = Release;
		};
		7D2742B51608375100E9806A /* Build configuration list for PBXNativeTarget "FooBarApp" */ = {
			isa = XCConfigurationList;
			buildConfigurations = (
				7D2742B61608375100E9806A /* Debug */,
				7D2742B71608375100E9806A /* Release */,
			);
			defaultConfigurationIsVisible = 0;
		};
		7D2742B81608375100E9806A /* Build configuration list for PBXNativeTarget "FooBarAppTests" */ = {
			isa = XCConfigurationList;
			buildConfigurations = (
				7D2742B91608375100E9806A /* Debug */,
				7D2742BA1608375100E9806A /* Release */,
			);
			defaultConfigurationIsVisible = 0;
		};
/* End XCConfigurationList section */
	};
	rootObject = 7D2742761608375100E9806A /* Project object */;
}
